
Microsoft Visual Studio Solution File, Format Version 12.00
# Visual Studio Version 17
VisualStudioVersion = 17.3.32819.101
MinimumVisualStudioVersion = 10.0.40219.1
Project("{FAE04EC0-301F-11D3-BF4B-00C04F79EFBC}") = "ObjectOrientedPractics", "ObjectOrientedPractics.csproj", "{BF8F4B33-45F4-4FD6-83DE-B9FD5CBE2F73}"
EndProject
Global
	GlobalSection(SolutionConfigurationPlatforms) = preSolution
		Debug|Any CPU = Debug|Any CPU
		Release|Any CPU = Release|Any CPU
	EndGlobalSection
	GlobalSection(ProjectConfigurationPlatforms) = postSolution
		{BF8F4B33-45F4-4FD6-83DE-B9FD5CBE2F73}.Debug|Any CPU.ActiveCfg = Debug|Any CPU
		{BF8F4B33-45F4-4FD6-83DE-B9FD5CBE2F73}.Debug|Any CPU.Build.0 = Debug|Any CPU
		{BF8F4B33-45F4-4FD6-83DE-B9FD5CBE2F73}.Release|Any CPU.ActiveCfg = Release|Any CPU
		{BF8F4B33-45F4-4FD6-83DE-B9FD5CBE2F73}.Release|Any CPU.Build.0 = Release|Any CPU
	EndGlobalSection
	GlobalSection(SolutionProperties) = preSolution
		HideSolutionNode = FALSE
	EndGlobalSection
	GlobalSection(ExtensibilityGlobals) = postSolution
		SolutionGuid = {A6106785-D030-44E5-AFC8-730EB1DE3D65}
	EndGlobalSection
EndGlobal
